
Microsoft Visual Studio Solution File, Format Version 12.00
# Visual Studio Version 17
VisualStudioVersion = 17.9.34728.123
MinimumVisualStudioVersion = 10.0.40219.1
Project("{FAE04EC0-301F-11D3-BF4B-00C04F79EFBC}") = "SCPSLCroissantExiled", "SCPSLCroissantExiled.csproj", "{876CEE85-DA53-4F76-ACD4-11383C280EFB}"
EndProject
Project("{FAE04EC0-301F-11D3-BF4B-00C04F79EFBC}") = "GlobalEvent", "..\GlobalEvent\GlobalEvent.csproj", "{30E7E82F-D102-46EF-92E3-AE688F16E3BE}"
EndProject
Global
	GlobalSection(SolutionConfigurationPlatforms) = preSolution
		Debug|Any CPU = Debug|Any CPU
		Release|Any CPU = Release|Any CPU
	EndGlobalSection
	GlobalSection(ProjectConfigurationPlatforms) = postSolution
		{876CEE85-DA53-4F76-ACD4-11383C280EFB}.Debug|Any CPU.ActiveCfg = Debug|Any CPU
		{876CEE85-DA53-4F76-ACD4-11383C280EFB}.Debug|Any CPU.Build.0 = Debug|Any CPU
		{876CEE85-DA53-4F76-ACD4-11383C280EFB}.Release|Any CPU.ActiveCfg = Release|Any CPU
		{876CEE85-DA53-4F76-ACD4-11383C280EFB}.Release|Any CPU.Build.0 = Release|Any CPU
		{30E7E82F-D102-46EF-92E3-AE688F16E3BE}.Debug|Any CPU.ActiveCfg = Debug|Any CPU
		{30E7E82F-D102-46EF-92E3-AE688F16E3BE}.Debug|Any CPU.Build.0 = Debug|Any CPU
		{30E7E82F-D102-46EF-92E3-AE688F16E3BE}.Release|Any CPU.ActiveCfg = Release|Any CPU
		{30E7E82F-D102-46EF-92E3-AE688F16E3BE}.Release|Any CPU.Build.0 = Release|Any CPU
	EndGlobalSection
	GlobalSection(SolutionProperties) = preSolution
		HideSolutionNode = FALSE
	EndGlobalSection
	GlobalSection(ExtensibilityGlobals) = postSolution
		SolutionGuid = {AE6BE5CD-53BF-41A7-8491-06E9969AAB89}
	EndGlobalSection
EndGlobal
